
Microsoft Visual Studio Solution File, Format Version 12.00
# Visual Studio Version 17
VisualStudioVersion = 17.11.35312.102
MinimumVisualStudioVersion = 10.0.40219.1
Project("{FAE04EC0-301F-11D3-BF4B-00C04F79EFBC}") = "Pratik - Cilgin Muzisyenler", "Pratik - Cilgin Muzisyenler\Pratik - Cilgin Muzisyenler.csproj", "{CFEF063E-8532-4815-9046-6342F8654D79}"
EndProject
Project("{2150E333-8FDC-42A3-9474-1A3956D46DE8}") = "Solution Items", "Solution Items", "{CC44AA27-D860-4E7E-9212-C183C646A674}"
	ProjectSection(SolutionItems) = preProject
		README.md = README.md
	EndProjectSection
EndProject
Global
	GlobalSection(SolutionConfigurationPlatforms) = preSolution
		Debug|Any CPU = Debug|Any CPU
		Release|Any CPU = Release|Any CPU
	EndGlobalSection
	GlobalSection(ProjectConfigurationPlatforms) = postSolution
		{CFEF063E-8532-4815-9046-6342F8654D79}.Debug|Any CPU.ActiveCfg = Debug|Any CPU
		{CFEF063E-8532-4815-9046-6342F8654D79}.Debug|Any CPU.Build.0 = Debug|Any CPU
		{CFEF063E-8532-4815-9046-6342F8654D79}.Release|Any CPU.ActiveCfg = Release|Any CPU
		{CFEF063E-8532-4815-9046-6342F8654D79}.Release|Any CPU.Build.0 = Release|Any CPU
	EndGlobalSection
	GlobalSection(SolutionProperties) = preSolution
		HideSolutionNode = FALSE
	EndGlobalSection
	GlobalSection(ExtensibilityGlobals) = postSolution
		SolutionGuid = {874E0E2D-E2CA-46A4-9F18-09B6BCDC3039}
	EndGlobalSection
EndGlobal
